
Microsoft Visual Studio Solution File, Format Version 12.00
# Visual Studio Express 2012 for Windows Desktop
Project("{FAE04EC0-301F-11D3-BF4B-00C04F79EFBC}") = "EmailAlert", "EmailAlert\EmailAlert.csproj", "{FB801337-E6CB-4CF6-B3D7-AC44B9738185}"
EndProject
Project("{FAE04EC0-301F-11D3-BF4B-00C04F79EFBC}") = "EmailAlertTask", "EmailAlertTask\EmailAlertTask.csproj", "{8F79D88F-FBB1-43BC-A3D8-23954325AA66}"
EndProject
Global
	GlobalSection(SolutionConfigurationPlatforms) = preSolution
		Debug|Any CPU = Debug|Any CPU
		Release|Any CPU = Release|Any CPU
	EndGlobalSection
	GlobalSection(ProjectConfigurationPlatforms) = postSolution
		{FB801337-E6CB-4CF6-B3D7-AC44B9738185}.Debug|Any CPU.ActiveCfg = Debug|Any CPU
		{FB801337-E6CB-4CF6-B3D7-AC44B9738185}.Debug|Any CPU.Build.0 = Debug|Any CPU
		{FB801337-E6CB-4CF6-B3D7-AC44B9738185}.Release|Any CPU.ActiveCfg = Release|Any CPU
		{FB801337-E6CB-4CF6-B3D7-AC44B9738185}.Release|Any CPU.Build.0 = Release|Any CPU
		{8F79D88F-FBB1-43BC-A3D8-23954325AA66}.Debug|Any CPU.ActiveCfg = Debug|Any CPU
		{8F79D88F-FBB1-43BC-A3D8-23954325AA66}.Debug|Any CPU.Build.0 = Debug|Any CPU
		{8F79D88F-FBB1-43BC-A3D8-23954325AA66}.Release|Any CPU.ActiveCfg = Release|Any CPU
		{8F79D88F-FBB1-43BC-A3D8-23954325AA66}.Release|Any CPU.Build.0 = Release|Any CPU
	EndGlobalSection
	GlobalSection(SolutionProperties) = preSolution
		HideSolutionNode = FALSE
	EndGlobalSection
EndGlobal
